
Microsoft Visual Studio Solution File, Format Version 12.00
# Visual Studio 15
VisualStudioVersion = 15.0.28307.757
MinimumVisualStudioVersion = 10.0.40219.1
Project("{FAE04EC0-301F-11D3-BF4B-00C04F79EFBC}") = "VentilatorTesting", "VentilatorTesting\VentilatorTesting.csproj", "{38A46B69-696E-4511-98C6-5AF83CE6A9C3}"
EndProject
Project("{FAE04EC0-301F-11D3-BF4B-00C04F79EFBC}") = "VentilatorTestConsole.Android", "VentilatorTestConsole\VentilatorTestConsole.Android\VentilatorTestConsole.Android.csproj", "{5CE87CFB-B0A0-4E92-A1B2-6868A299439F}"
EndProject
Project("{FAE04EC0-301F-11D3-BF4B-00C04F79EFBC}") = "VentilatorTestConsole.iOS", "VentilatorTestConsole\VentilatorTestConsole.iOS\VentilatorTestConsole.iOS.csproj", "{997F5F2E-0D2D-4D31-9B16-59275562821D}"
EndProject
Project("{FAE04EC0-301F-11D3-BF4B-00C04F79EFBC}") = "VentilatorTestConsole.UWP", "VentilatorTestConsole\VentilatorTestConsole.UWP\VentilatorTestConsole.UWP.csproj", "{075CD963-0805-411E-88B7-8C4E8A6CEAC9}"
EndProject
Project("{FAE04EC0-301F-11D3-BF4B-00C04F79EFBC}") = "VentilatorTestConsole", "VentilatorTestConsole\VentilatorTestConsole\VentilatorTestConsole.csproj", "{A01C9358-43D0-43C9-B953-22F2CDC4BA4C}"
EndProject
Global
	GlobalSection(SolutionConfigurationPlatforms) = preSolution
		Ad-Hoc|Any CPU = Ad-Hoc|Any CPU
		Ad-Hoc|ARM = Ad-Hoc|ARM
		Ad-Hoc|ARM64 = Ad-Hoc|ARM64
		Ad-Hoc|iPhone = Ad-Hoc|iPhone
		Ad-Hoc|iPhoneSimulator = Ad-Hoc|iPhoneSimulator
		Ad-Hoc|x64 = Ad-Hoc|x64
		Ad-Hoc|x86 = Ad-Hoc|x86
		AppStore|Any CPU = AppStore|Any CPU
		AppStore|ARM = AppStore|ARM
		AppStore|ARM64 = AppStore|ARM64
		AppStore|iPhone = AppStore|iPhone
		AppStore|iPhoneSimulator = AppStore|iPhoneSimulator
		AppStore|x64 = AppStore|x64
		AppStore|x86 = AppStore|x86
		Debug|Any CPU = Debug|Any CPU
		Debug|ARM = Debug|ARM
		Debug|ARM64 = Debug|ARM64
		Debug|iPhone = Debug|iPhone
		Debug|iPhoneSimulator = Debug|iPhoneSimulator
		Debug|x64 = Debug|x64
		Debug|x86 = Debug|x86
		Release|Any CPU = Release|Any CPU
		Release|ARM = Release|ARM
		Release|ARM64 = Release|ARM64
		Release|iPhone = Release|iPhone
		Release|iPhoneSimulator = Release|iPhoneSimulator
		Release|x64 = Release|x64
		Release|x86 = Release|x86
	EndGlobalSection
	GlobalSection(ProjectConfigurationPlatforms) = postSolution
		{38A46B69-696E-4511-98C6-5AF83CE6A9C3}.Ad-Hoc|Any CPU.ActiveCfg = Release|x86
		{38A46B69-696E-4511-98C6-5AF83CE6A9C3}.Ad-Hoc|Any CPU.Build.0 = Release|x86
		{38A46B69-696E-4511-98C6-5AF83CE6A9C3}.Ad-Hoc|Any CPU.Deploy.0 = Release|x86
		{38A46B69-696E-4511-98C6-5AF83CE6A9C3}.Ad-Hoc|ARM.ActiveCfg = Release|ARM
		{38A46B69-696E-4511-98C6-5AF83CE6A9C3}.Ad-Hoc|ARM.Build.0 = Release|ARM
		{38A46B69-696E-4511-98C6-5AF83CE6A9C3}.Ad-Hoc|ARM.Deploy.0 = Release|ARM
		{38A46B69-696E-4511-98C6-5AF83CE6A9C3}.Ad-Hoc|ARM64.ActiveCfg = Release|ARM64
		{38A46B69-696E-4511-98C6-5AF83CE6A9C3}.Ad-Hoc|ARM64.Build.0 = Release|ARM64
		{38A46B69-696E-4511-98C6-5AF83CE6A9C3}.Ad-Hoc|ARM64.Deploy.0 = Release|ARM64
		{38A46B69-696E-4511-98C6-5AF83CE6A9C3}.Ad-Hoc|iPhone.ActiveCfg = Release|x86
		{38A46B69-696E-4511-98C6-5AF83CE6A9C3}.Ad-Hoc|iPhone.Build.0 = Release|x86
		{38A46B69-696E-4511-98C6-5AF83CE6A9C3}.Ad-Hoc|iPhone.Deploy.0 = Release|x86
		{38A46B69-696E-4511-98C6-5AF83CE6A9C3}.Ad-Hoc|iPhoneSimulator.ActiveCfg = Release|x86
		{38A46B69-696E-4511-98C6-5AF83CE6A9C3}.Ad-Hoc|iPhoneSimulator.Build.0 = Release|x86
		{38A46B69-696E-4511-98C6-5AF83CE6A9C3}.Ad-Hoc|iPhoneSimulator.Deploy.0 = Release|x86
		{38A46B69-696E-4511-98C6-5AF83CE6A9C3}.Ad-Hoc|x64.ActiveCfg = Release|x64
		{38A46B69-696E-4511-98C6-5AF83CE6A9C3}.Ad-Hoc|x64.Build.0 = Release|x64
		{38A46B69-696E-4511-98C6-5AF83CE6A9C3}.Ad-Hoc|x64.Deploy.0 = Release|x64
		{38A46B69-696E-4511-98C6-5AF83CE6A9C3}.Ad-Hoc|x86.ActiveCfg = Release|x86
		{38A46B69-696E-4511-98C6-5AF83CE6A9C3}.Ad-Hoc|x86.Build.0 = Release|x86
		{38A46B69-696E-4511-98C6-5AF83CE6A9C3}.Ad-Hoc|x86.Deploy.0 = Release|x86
		{38A46B69-696E-4511-98C6-5AF83CE6A9C3}.AppStore|Any CPU.ActiveCfg = Release|x86
		{38A46B69-696E-4511-98C6-5AF83CE6A9C3}.AppStore|Any CPU.Build.0 = Release|x86
		{38A46B69-696E-4511-98C6-5AF83CE6A9C3}.AppStore|Any CPU.Deploy.0 = Release|x86
		{38A46B69-696E-4511-98C6-5AF83CE6A9C3}.AppStore|ARM.ActiveCfg = Release|ARM
		{38A46B69-696E-4511-98C6-5AF83CE6A9C3}.AppStore|ARM.Build.0 = Release|ARM
		{38A46B69-696E-4511-98C6-5AF83CE6A9C3}.AppStore|ARM.Deploy.0 = Release|ARM
		{38A46B69-696E-4511-98C6-5AF83CE6A9C3}.AppStore|ARM64.ActiveCfg = Release|ARM64
		{38A46B69-696E-4511-98C6-5AF83CE6A9C3}.AppStore|ARM64.Build.0 = Release|ARM64
		{38A46B69-696E-4511-98C6-5AF83CE6A9C3}.AppStore|ARM64.Deploy.0 = Release|ARM64
		{38A46B69-696E-4511-98C6-5AF83CE6A9C3}.AppStore|iPhone.ActiveCfg = Release|x86
		{38A46B69-696E-4511-98C6-5AF83CE6A9C3}.AppStore|iPhone.Build.0 = Release|x86
		{38A46B69-696E-4511-98C6-5AF83CE6A9C3}.AppStore|iPhone.Deploy.0 = Release|x86
		{38A46B69-696E-4511-98C6-5AF83CE6A9C3}.AppStore|iPhoneSimulator.ActiveCfg = Release|x86
		{38A46B69-696E-4511-98C6-5AF83CE6A9C3}.AppStore|iPhoneSimulator.Build.0 = Release|x86
		{38A46B69-696E-4511-98C6-5AF83CE6A9C3}.AppStore|iPhoneSimulator.Deploy.0 = Release|x86
		{38A46B69-696E-4511-98C6-5AF83CE6A9C3}.AppStore|x64.ActiveCfg = Release|x64
		{38A46B69-696E-4511-98C6-5AF83CE6A9C3}.AppStore|x64.Build.0 = Release|x64
		{38A46B69-696E-4511-98C6-5AF83CE6A9C3}.AppStore|x64.Deploy.0 = Release|x64
		{38A46B69-696E-4511-98C6-5AF83CE6A9C3}.AppStore|x86.ActiveCfg = Release|x86
		{38A46B69-696E-4511-98C6-5AF83CE6A9C3}.AppStore|x86.Build.0 = Release|x86
		{38A46B69-696E-4511-98C6-5AF83CE6A9C3}.AppStore|x86.Deploy.0 = Release|x86
		{38A46B69-696E-4511-98C6-5AF83CE6A9C3}.Debug|Any CPU.ActiveCfg = Debug|x86
		{38A46B69-696E-4511-98C6-5AF83CE6A9C3}.Debug|ARM.ActiveCfg = Debug|ARM
		{38A46B69-696E-4511-98C6-5AF83CE6A9C3}.Debug|ARM.Build.0 = Debug|ARM
		{38A46B69-696E-4511-98C6-5AF83CE6A9C3}.Debug|ARM.Deploy.0 = Debug|ARM
		{38A46B69-696E-4511-98C6-5AF83CE6A9C3}.Debug|ARM64.ActiveCfg = Debug|ARM64
		{38A46B69-696E-4511-98C6-5AF83CE6A9C3}.Debug|ARM64.Build.0 = Debug|ARM64
		{38A46B69-696E-4511-98C6-5AF83CE6A9C3}.Debug|ARM64.Deploy.0 = Debug|ARM64
		{38A46B69-696E-4511-98C6-5AF83CE6A9C3}.Debug|iPhone.ActiveCfg = Debug|x86
		{38A46B69-696E-4511-98C6-5AF83CE6A9C3}.Debug|iPhoneSimulator.ActiveCfg = Debug|x86
		{38A46B69-696E-4511-98C6-5AF83CE6A9C3}.Debug|x64.ActiveCfg = Debug|x64
		{38A46B69-696E-4511-98C6-5AF83CE6A9C3}.Debug|x64.Build.0 = Debug|x64
		{38A46B69-696E-4511-98C6-5AF83CE6A9C3}.Debug|x64.Deploy.0 = Debug|x64
		{38A46B69-696E-4511-98C6-5AF83CE6A9C3}.Debug|x86.ActiveCfg = Debug|x86
		{38A46B69-696E-4511-98C6-5AF83CE6A9C3}.Debug|x86.Build.0 = Debug|x86
		{38A46B69-696E-4511-98C6-5AF83CE6A9C3}.Debug|x86.Deploy.0 = Debug|x86
		{38A46B69-696E-4511-98C6-5AF83CE6A9C3}.Release|Any CPU.ActiveCfg = Release|x86
		{38A46B69-696E-4511-98C6-5AF83CE6A9C3}.Release|ARM.ActiveCfg = Release|ARM
		{38A46B69-696E-4511-98C6-5AF83CE6A9C3}.Release|ARM.Build.0 = Release|ARM
		{38A46B69-696E-4511-98C6-5AF83CE6A9C3}.Release|ARM.Deploy.0 = Release|ARM
		{38A46B69-696E-4511-98C6-5AF83CE6A9C3}.Release|ARM64.ActiveCfg = Release|ARM64
		{38A46B69-696E-4511-98C6-5AF83CE6A9C3}.Release|ARM64.Build.0 = Release|ARM64
		{38A46B69-696E-4511-98C6-5AF83CE6A9C3}.Release|ARM64.Deploy.0 = Release|ARM64
		{38A46B69-696E-4511-98C6-5AF83CE6A9C3}.Release|iPhone.ActiveCfg = Release|x86
		{38A46B69-696E-4511-98C6-5AF83CE6A9C3}.Release|iPhoneSimulator.ActiveCfg = Release|x86
		{38A46B69-696E-4511-98C6-5AF83CE6A9C3}.Release|x64.ActiveCfg = Release|x64
		{38A46B69-696E-4511-98C6-5AF83CE6A9C3}.Release|x64.Build.0 = Release|x64
		{38A46B69-696E-4511-98C6-5AF83CE6A9C3}.Release|x64.Deploy.0 = Release|x64
		{38A46B69-696E-4511-98C6-5AF83CE6A9C3}.Release|x86.ActiveCfg = Release|x86
		{38A46B69-696E-4511-98C6-5AF83CE6A9C3}.Release|x86.Build.0 = Release|x86
		{38A46B69-696E-4511-98C6-5AF83CE6A9C3}.Release|x86.Deploy.0 = Release|x86
		{5CE87CFB-B0A0-4E92-A1B2-6868A299439F}.Ad-Hoc|Any CPU.ActiveCfg = Release|Any CPU
		{5CE87CFB-B0A0-4E92-A1B2-6868A299439F}.Ad-Hoc|Any CPU.Build.0 = Release|Any CPU
		{5CE87CFB-B0A0-4E92-A1B2-6868A299439F}.Ad-Hoc|Any CPU.Deploy.0 = Release|Any CPU
		{5CE87CFB-B0A0-4E92-A1B2-6868A299439F}.Ad-Hoc|ARM.ActiveCfg = Release|Any CPU
		{5CE87CFB-B0A0-4E92-A1B2-6868A299439F}.Ad-Hoc|ARM.Build.0 = Release|Any CPU
		{5CE87CFB-B0A0-4E92-A1B2-6868A299439F}.Ad-Hoc|ARM.Deploy.0 = Release|Any CPU
		{5CE87CFB-B0A0-4E92-A1B2-6868A299439F}.Ad-Hoc|ARM64.ActiveCfg = Release|Any CPU
		{5CE87CFB-B0A0-4E92-A1B2-6868A299439F}.Ad-Hoc|ARM64.Build.0 = Release|Any CPU
		{5CE87CFB-B0A0-4E92-A1B2-6868A299439F}.Ad-Hoc|ARM64.Deploy.0 = Release|Any CPU
		{5CE87CFB-B0A0-4E92-A1B2-6868A299439F}.Ad-Hoc|iPhone.ActiveCfg = Release|Any CPU
		{5CE87CFB-B0A0-4E92-A1B2-6868A299439F}.Ad-Hoc|iPhone.Build.0 = Release|Any CPU
		{5CE87CFB-B0A0-4E92-A1B2-6868A299439F}.Ad-Hoc|iPhone.Deploy.0 = Release|Any CPU
		{5CE87CFB-B0A0-4E92-A1B2-6868A299439F}.Ad-Hoc|iPhoneSimulator.ActiveCfg = Release|Any CPU
		{5CE87CFB-B0A0-4E92-A1B2-6868A299439F}.Ad-Hoc|iPhoneSimulator.Build.0 = Release|Any CPU
		{5CE87CFB-B0A0-4E92-A1B2-6868A299439F}.Ad-Hoc|iPhoneSimulator.Deploy.0 = Release|Any CPU
		{5CE87CFB-B0A0-4E92-A1B2-6868A299439F}.Ad-Hoc|x64.ActiveCfg = Release|Any CPU
		{5CE87CFB-B0A0-4E92-A1B2-6868A299439F}.Ad-Hoc|x64.Build.0 = Release|Any CPU
		{5CE87CFB-B0A0-4E92-A1B2-6868A299439F}.Ad-Hoc|x64.Deploy.0 = Release|Any CPU
		{5CE87CFB-B0A0-4E92-A1B2-6868A299439F}.Ad-Hoc|x86.ActiveCfg = Release|Any CPU
		{5CE87CFB-B0A0-4E92-A1B2-6868A299439F}.Ad-Hoc|x86.Build.0 = Release|Any CPU
		{5CE87CFB-B0A0-4E92-A1B2-6868A299439F}.Ad-Hoc|x86.Deploy.0 = Release|Any CPU
		{5CE87CFB-B0A0-4E92-A1B2-6868A299439F}.AppStore|Any CPU.ActiveCfg = Release|Any CPU
		{5CE87CFB-B0A0-4E92-A1B2-6868A299439F}.AppStore|Any CPU.Build.0 = Release|Any CPU
		{5CE87CFB-B0A0-4E92-A1B2-6868A299439F}.AppStore|Any CPU.Deploy.0 = Release|Any CPU
		{5CE87CFB-B0A0-4E92-A1B2-6868A299439F}.AppStore|ARM.ActiveCfg = Release|Any CPU
		{5CE87CFB-B0A0-4E92-A1B2-6868A299439F}.AppStore|ARM.Build.0 = Release|Any CPU
		{5CE87CFB-B0A0-4E92-A1B2-6868A299439F}.AppStore|ARM.Deploy.0 = Release|Any CPU
		{5CE87CFB-B0A0-4E92-A1B2-6868A299439F}.AppStore|ARM64.ActiveCfg = Release|Any CPU
		{5CE87CFB-B0A0-4E92-A1B2-6868A299439F}.AppStore|ARM64.Build.0 = Release|Any CPU
		{5CE87CFB-B0A0-4E92-A1B2-6868A299439F}.AppStore|ARM64.Deploy.0 = Release|Any CPU
		{5CE87CFB-B0A0-4E92-A1B2-6868A299439F}.AppStore|iPhone.ActiveCfg = Release|Any CPU
		{5CE87CFB-B0A0-4E92-A1B2-6868A299439F}.AppStore|iPhone.Build.0 = Release|Any CPU
		{5CE87CFB-B0A0-4E92-A1B2-6868A299439F}.AppStore|iPhone.Deploy.0 = Release|Any CPU
		{5CE87CFB-B0A0-4E92-A1B2-6868A299439F}.AppStore|iPhoneSimulator.ActiveCfg = Release|Any CPU
		{5CE87CFB-B0A0-4E92-A1B2-6868A299439F}.AppStore|iPhoneSimulator.Build.0 = Release|Any CPU
		{5CE87CFB-B0A0-4E92-A1B2-6868A299439F}.AppStore|iPhoneSimulator.Deploy.0 = Release|Any CPU
		{5CE87CFB-B0A0-4E92-A1B2-6868A299439F}.AppStore|x64.ActiveCfg = Release|Any CPU
		{5CE87CFB-B0A0-4E92-A1B2-6868A299439F}.AppStore|x64.Build.0 = Release|Any CPU
		{5CE87CFB-B0A0-4E92-A1B2-6868A299439F}.AppStore|x64.Deploy.0 = Release|Any CPU
		{5CE87CFB-B0A0-4E92-A1B2-6868A299439F}.AppStore|x86.ActiveCfg = Release|Any CPU
		{5CE87CFB-B0A0-4E92-A1B2-6868A299439F}.AppStore|x86.Build.0 = Release|Any CPU
		{5CE87CFB-B0A0-4E92-A1B2-6868A299439F}.AppStore|x86.Deploy.0 = Release|Any CPU
		{5CE87CFB-B0A0-4E92-A1B2-6868A299439F}.Debug|Any CPU.ActiveCfg = Debug|Any CPU
		{5CE87CFB-B0A0-4E92-A1B2-6868A299439F}.Debug|Any CPU.Build.0 = Debug|Any CPU
		{5CE87CFB-B0A0-4E92-A1B2-6868A299439F}.Debug|Any CPU.Deploy.0 = Debug|Any CPU
		{5CE87CFB-B0A0-4E92-A1B2-6868A299439F}.Debug|ARM.ActiveCfg = Debug|Any CPU
		{5CE87CFB-B0A0-4E92-A1B2-6868A299439F}.Debug|ARM.Build.0 = Debug|Any CPU
		{5CE87CFB-B0A0-4E92-A1B2-6868A299439F}.Debug|ARM.Deploy.0 = Debug|Any CPU
		{5CE87CFB-B0A0-4E92-A1B2-6868A299439F}.Debug|ARM64.ActiveCfg = Debug|Any CPU
		{5CE87CFB-B0A0-4E92-A1B2-6868A299439F}.Debug|ARM64.Build.0 = Debug|Any CPU
		{5CE87CFB-B0A0-4E92-A1B2-6868A299439F}.Debug|ARM64.Deploy.0 = Debug|Any CPU
		{5CE87CFB-B0A0-4E92-A1B2-6868A299439F}.Debug|iPhone.ActiveCfg = Debug|Any CPU
		{5CE87CFB-B0A0-4E92-A1B2-6868A299439F}.Debug|iPhone.Build.0 = Debug|Any CPU
		{5CE87CFB-B0A0-4E92-A1B2-6868A299439F}.Debug|iPhone.Deploy.0 = Debug|Any CPU
		{5CE87CFB-B0A0-4E92-A1B2-6868A299439F}.Debug|iPhoneSimulator.ActiveCfg = Debug|Any CPU
		{5CE87CFB-B0A0-4E92-A1B2-6868A299439F}.Debug|iPhoneSimulator.Build.0 = Debug|Any CPU
		{5CE87CFB-B0A0-4E92-A1B2-6868A299439F}.Debug|iPhoneSimulator.Deploy.0 = Debug|Any CPU
		{5CE87CFB-B0A0-4E92-A1B2-6868A299439F}.Debug|x64.ActiveCfg = Debug|Any CPU
		{5CE87CFB-B0A0-4E92-A1B2-6868A299439F}.Debug|x64.Build.0 = Debug|Any CPU
		{5CE87CFB-B0A0-4E92-A1B2-6868A299439F}.Debug|x64.Deploy.0 = Debug|Any CPU
		{5CE87CFB-B0A0-4E92-A1B2-6868A299439F}.Debug|x86.ActiveCfg = Debug|Any CPU
		{5CE87CFB-B0A0-4E92-A1B2-6868A299439F}.Debug|x86.Build.0 = Debug|Any CPU
		{5CE87CFB-B0A0-4E92-A1B2-6868A299439F}.Debug|x86.Deploy.0 = Debug|Any CPU
		{5CE87CFB-B0A0-4E92-A1B2-6868A299439F}.Release|Any CPU.ActiveCfg = Release|Any CPU
		{5CE87CFB-B0A0-4E92-A1B2-6868A299439F}.Release|Any CPU.Build.0 = Release|Any CPU
		{5CE87CFB-B0A0-4E92-A1B2-6868A299439F}.Release|Any CPU.Deploy.0 = Release|Any CPU
		{5CE87CFB-B0A0-4E92-A1B2-6868A299439F}.Release|ARM.ActiveCfg = Release|Any CPU
		{5CE87CFB-B0A0-4E92-A1B2-6868A299439F}.Release|ARM.Build.0 = Release|Any CPU
		{5CE87CFB-B0A0-4E92-A1B2-6868A299439F}.Release|ARM.Deploy.0 = Release|Any CPU
		{5CE87CFB-B0A0-4E92-A1B2-6868A299439F}.Release|ARM64.ActiveCfg = Release|Any CPU
		{5CE87CFB-B0A0-4E92-A1B2-6868A299439F}.Release|ARM64.Build.0 = Release|Any CPU
		{5CE87CFB-B0A0-4E92-A1B2-6868A299439F}.Release|ARM64.Deploy.0 = Release|Any CPU
		{5CE87CFB-B0A0-4E92-A1B2-6868A299439F}.Release|iPhone.ActiveCfg = Release|Any CPU
		{5CE87CFB-B0A0-4E92-A1B2-6868A299439F}.Release|iPhone.Build.0 = Release|Any CPU
		{5CE87CFB-B0A0-4E92-A1B2-6868A299439F}.Release|iPhone.Deploy.0 = Release|Any CPU
		{5CE87CFB-B0A0-4E92-A1B2-6868A299439F}.Release|iPhoneSimulator.ActiveCfg = Release|Any CPU
		{5CE87CFB-B0A0-4E92-A1B2-6868A299439F}.Release|iPhoneSimulator.Build.0 = Release|Any CPU
		{5CE87CFB-B0A0-4E92-A1B2-6868A299439F}.Release|iPhoneSimulator.Deploy.0 = Release|Any CPU
		{5CE87CFB-B0A0-4E92-A1B2-6868A299439F}.Release|x64.ActiveCfg = Release|Any CPU
		{5CE87CFB-B0A0-4E92-A1B2-6868A299439F}.Release|x64.Build.0 = Release|Any CPU
		{5CE87CFB-B0A0-4E92-A1B2-6868A299439F}.Release|x64.Deploy.0 = Release|Any CPU
		{5CE87CFB-B0A0-4E92-A1B2-6868A299439F}.Release|x86.ActiveCfg = Release|Any CPU
		{5CE87CFB-B0A0-4E92-A1B2-6868A299439F}.Release|x86.Build.0 = Release|Any CPU
		{5CE87CFB-B0A0-4E92-A1B2-6868A299439F}.Release|x86.Deploy.0 = Release|Any CPU
		{997F5F2E-0D2D-4D31-9B16-59275562821D}.Ad-Hoc|Any CPU.ActiveCfg = Ad-Hoc|iPhone
		{997F5F2E-0D2D-4D31-9B16-59275562821D}.Ad-Hoc|ARM.ActiveCfg = Ad-Hoc|iPhone
		{997F5F2E-0D2D-4D31-9B16-59275562821D}.Ad-Hoc|ARM64.ActiveCfg = Ad-Hoc|iPhone
		{997F5F2E-0D2D-4D31-9B16-59275562821D}.Ad-Hoc|iPhone.ActiveCfg = Ad-Hoc|iPhone
		{997F5F2E-0D2D-4D31-9B16-59275562821D}.Ad-Hoc|iPhone.Build.0 = Ad-Hoc|iPhone
		{997F5F2E-0D2D-4D31-9B16-59275562821D}.Ad-Hoc|iPhoneSimulator.ActiveCfg = Ad-Hoc|iPhoneSimulator
		{997F5F2E-0D2D-4D31-9B16-59275562821D}.Ad-Hoc|iPhoneSimulator.Build.0 = Ad-Hoc|iPhoneSimulator
		{997F5F2E-0D2D-4D31-9B16-59275562821D}.Ad-Hoc|x64.ActiveCfg = Ad-Hoc|iPhone
		{997F5F2E-0D2D-4D31-9B16-59275562821D}.Ad-Hoc|x86.ActiveCfg = Ad-Hoc|iPhone
		{997F5F2E-0D2D-4D31-9B16-59275562821D}.AppStore|Any CPU.ActiveCfg = AppStore|iPhone
		{997F5F2E-0D2D-4D31-9B16-59275562821D}.AppStore|ARM.ActiveCfg = AppStore|iPhone
		{997F5F2E-0D2D-4D31-9B16-59275562821D}.AppStore|ARM64.ActiveCfg = AppStore|iPhone
		{997F5F2E-0D2D-4D31-9B16-59275562821D}.AppStore|iPhone.ActiveCfg = AppStore|iPhone
		{997F5F2E-0D2D-4D31-9B16-59275562821D}.AppStore|iPhone.Build.0 = AppStore|iPhone
		{997F5F2E-0D2D-4D31-9B16-59275562821D}.AppStore|iPhoneSimulator.ActiveCfg = AppStore|iPhoneSimulator
		{997F5F2E-0D2D-4D31-9B16-59275562821D}.AppStore|iPhoneSimulator.Build.0 = AppStore|iPhoneSimulator
		{997F5F2E-0D2D-4D31-9B16-59275562821D}.AppStore|x64.ActiveCfg = AppStore|iPhone
		{997F5F2E-0D2D-4D31-9B16-59275562821D}.AppStore|x86.ActiveCfg = AppStore|iPhone
		{997F5F2E-0D2D-4D31-9B16-59275562821D}.Debug|Any CPU.ActiveCfg = Debug|iPhone
		{997F5F2E-0D2D-4D31-9B16-59275562821D}.Debug|ARM.ActiveCfg = Debug|iPhone
		{997F5F2E-0D2D-4D31-9B16-59275562821D}.Debug|ARM64.ActiveCfg = Debug|iPhone
		{997F5F2E-0D2D-4D31-9B16-59275562821D}.Debug|iPhone.ActiveCfg = Debug|iPhone
		{997F5F2E-0D2D-4D31-9B16-59275562821D}.Debug|iPhone.Build.0 = Debug|iPhone
		{997F5F2E-0D2D-4D31-9B16-59275562821D}.Debug|iPhoneSimulator.ActiveCfg = Debug|iPhoneSimulator
		{997F5F2E-0D2D-4D31-9B16-59275562821D}.Debug|iPhoneSimulator.Build.0 = Debug|iPhoneSimulator
		{997F5F2E-0D2D-4D31-9B16-59275562821D}.Debug|x64.ActiveCfg = Debug|iPhone
		{997F5F2E-0D2D-4D31-9B16-59275562821D}.Debug|x86.ActiveCfg = Debug|iPhone
		{997F5F2E-0D2D-4D31-9B16-59275562821D}.Release|Any CPU.ActiveCfg = Release|iPhone
		{997F5F2E-0D2D-4D31-9B16-59275562821D}.Release|ARM.ActiveCfg = Release|iPhone
		{997F5F2E-0D2D-4D31-9B16-59275562821D}.Release|ARM64.ActiveCfg = Release|iPhone
		{997F5F2E-0D2D-4D31-9B16-59275562821D}.Release|iPhone.ActiveCfg = Release|iPhone
		{997F5F2E-0D2D-4D31-9B16-59275562821D}.Release|iPhone.Build.0 = Release|iPhone
		{997F5F2E-0D2D-4D31-9B16-59275562821D}.Release|iPhoneSimulator.ActiveCfg = Release|iPhoneSimulator
		{997F5F2E-0D2D-4D31-9B16-59275562821D}.Release|iPhoneSimulator.Build.0 = Release|iPhoneSimulator
		{997F5F2E-0D2D-4D31-9B16-59275562821D}.Release|x64.ActiveCfg = Release|iPhone
		{997F5F2E-0D2D-4D31-9B16-59275562821D}.Release|x86.ActiveCfg = Release|iPhone
		{075CD963-0805-411E-88B7-8C4E8A6CEAC9}.Ad-Hoc|Any CPU.ActiveCfg = Release|x86
		{075CD963-0805-411E-88B7-8C4E8A6CEAC9}.Ad-Hoc|Any CPU.Build.0 = Release|x86
		{075CD963-0805-411E-88B7-8C4E8A6CEAC9}.Ad-Hoc|Any CPU.Deploy.0 = Release|x86
		{075CD963-0805-411E-88B7-8C4E8A6CEAC9}.Ad-Hoc|ARM.ActiveCfg = Release|ARM
		{075CD963-0805-411E-88B7-8C4E8A6CEAC9}.Ad-Hoc|ARM.Build.0 = Release|ARM
		{075CD963-0805-411E-88B7-8C4E8A6CEAC9}.Ad-Hoc|ARM.Deploy.0 = Release|ARM
		{075CD963-0805-411E-88B7-8C4E8A6CEAC9}.Ad-Hoc|ARM64.ActiveCfg = Release|x86
		{075CD963-0805-411E-88B7-8C4E8A6CEAC9}.Ad-Hoc|ARM64.Build.0 = Release|x86
		{075CD963-0805-411E-88B7-8C4E8A6CEAC9}.Ad-Hoc|ARM64.Deploy.0 = Release|x86
		{075CD963-0805-411E-88B7-8C4E8A6CEAC9}.Ad-Hoc|iPhone.ActiveCfg = Release|x86
		{075CD963-0805-411E-88B7-8C4E8A6CEAC9}.Ad-Hoc|iPhone.Build.0 = Release|x86
		{075CD963-0805-411E-88B7-8C4E8A6CEAC9}.Ad-Hoc|iPhone.Deploy.0 = Release|x86
		{075CD963-0805-411E-88B7-8C4E8A6CEAC9}.Ad-Hoc|iPhoneSimulator.ActiveCfg = Release|x86
		{075CD963-0805-411E-88B7-8C4E8A6CEAC9}.Ad-Hoc|iPhoneSimulator.Build.0 = Release|x86
		{075CD963-0805-411E-88B7-8C4E8A6CEAC9}.Ad-Hoc|iPhoneSimulator.Deploy.0 = Release|x86
		{075CD963-0805-411E-88B7-8C4E8A6CEAC9}.Ad-Hoc|x64.ActiveCfg = Release|x64
		{075CD963-0805-411E-88B7-8C4E8A6CEAC9}.Ad-Hoc|x64.Build.0 = Release|x64
		{075CD963-0805-411E-88B7-8C4E8A6CEAC9}.Ad-Hoc|x64.Deploy.0 = Release|x64
		{075CD963-0805-411E-88B7-8C4E8A6CEAC9}.Ad-Hoc|x86.ActiveCfg = Release|x86
		{075CD963-0805-411E-88B7-8C4E8A6CEAC9}.Ad-Hoc|x86.Build.0 = Release|x86
		{075CD963-0805-411E-88B7-8C4E8A6CEAC9}.Ad-Hoc|x86.Deploy.0 = Release|x86
		{075CD963-0805-411E-88B7-8C4E8A6CEAC9}.AppStore|Any CPU.ActiveCfg = Release|x86
		{075CD963-0805-411E-88B7-8C4E8A6CEAC9}.AppStore|Any CPU.Build.0 = Release|x86
		{075CD963-0805-411E-88B7-8C4E8A6CEAC9}.AppStore|Any CPU.Deploy.0 = Release|x86
		{075CD963-0805-411E-88B7-8C4E8A6CEAC9}.AppStore|ARM.ActiveCfg = Release|ARM
		{075CD963-0805-411E-88B7-8C4E8A6CEAC9}.AppStore|ARM.Build.0 = Release|ARM
		{075CD963-0805-411E-88B7-8C4E8A6CEAC9}.AppStore|ARM.Deploy.0 = Release|ARM
		{075CD963-0805-411E-88B7-8C4E8A6CEAC9}.AppStore|ARM64.ActiveCfg = Release|x86
		{075CD963-0805-411E-88B7-8C4E8A6CEAC9}.AppStore|ARM64.Build.0 = Release|x86
		{075CD963-0805-411E-88B7-8C4E8A6CEAC9}.AppStore|ARM64.Deploy.0 = Release|x86
		{075CD963-0805-411E-88B7-8C4E8A6CEAC9}.AppStore|iPhone.ActiveCfg = Release|x86
		{075CD963-0805-411E-88B7-8C4E8A6CEAC9}.AppStore|iPhone.Build.0 = Release|x86
		{075CD963-0805-411E-88B7-8C4E8A6CEAC9}.AppStore|iPhone.Deploy.0 = Release|x86
		{075CD963-0805-411E-88B7-8C4E8A6CEAC9}.AppStore|iPhoneSimulator.ActiveCfg = Release|x86
		{075CD963-0805-411E-88B7-8C4E8A6CEAC9}.AppStore|iPhoneSimulator.Build.0 = Release|x86
		{075CD963-0805-411E-88B7-8C4E8A6CEAC9}.AppStore|iPhoneSimulator.Deploy.0 = Release|x86
		{075CD963-0805-411E-88B7-8C4E8A6CEAC9}.AppStore|x64.ActiveCfg = Release|x64
		{075CD963-0805-411E-88B7-8C4E8A6CEAC9}.AppStore|x64.Build.0 = Release|x64
		{075CD963-0805-411E-88B7-8C4E8A6CEAC9}.AppStore|x64.Deploy.0 = Release|x64
		{075CD963-0805-411E-88B7-8C4E8A6CEAC9}.AppStore|x86.ActiveCfg = Release|x86
		{075CD963-0805-411E-88B7-8C4E8A6CEAC9}.AppStore|x86.Build.0 = Release|x86
		{075CD963-0805-411E-88B7-8C4E8A6CEAC9}.AppStore|x86.Deploy.0 = Release|x86
		{075CD963-0805-411E-88B7-8C4E8A6CEAC9}.Debug|Any CPU.ActiveCfg = Debug|x86
		{075CD963-0805-411E-88B7-8C4E8A6CEAC9}.Debug|ARM.ActiveCfg = Debug|ARM
		{075CD963-0805-411E-88B7-8C4E8A6CEAC9}.Debug|ARM.Build.0 = Debug|ARM
		{075CD963-0805-411E-88B7-8C4E8A6CEAC9}.Debug|ARM.Deploy.0 = Debug|ARM
		{075CD963-0805-411E-88B7-8C4E8A6CEAC9}.Debug|ARM64.ActiveCfg = Debug|x86
		{075CD963-0805-411E-88B7-8C4E8A6CEAC9}.Debug|iPhone.ActiveCfg = Debug|x86
		{075CD963-0805-411E-88B7-8C4E8A6CEAC9}.Debug|iPhoneSimulator.ActiveCfg = Debug|x86
		{075CD963-0805-411E-88B7-8C4E8A6CEAC9}.Debug|x64.ActiveCfg = Debug|x64
		{075CD963-0805-411E-88B7-8C4E8A6CEAC9}.Debug|x64.Build.0 = Debug|x64
		{075CD963-0805-411E-88B7-8C4E8A6CEAC9}.Debug|x64.Deploy.0 = Debug|x64
		{075CD963-0805-411E-88B7-8C4E8A6CEAC9}.Debug|x86.ActiveCfg = Debug|x86
		{075CD963-0805-411E-88B7-8C4E8A6CEAC9}.Debug|x86.Build.0 = Debug|x86
		{075CD963-0805-411E-88B7-8C4E8A6CEAC9}.Debug|x86.Deploy.0 = Debug|x86
		{075CD963-0805-411E-88B7-8C4E8A6CEAC9}.Release|Any CPU.ActiveCfg = Release|x86
		{075CD963-0805-411E-88B7-8C4E8A6CEAC9}.Release|ARM.ActiveCfg = Release|ARM
		{075CD963-0805-411E-88B7-8C4E8A6CEAC9}.Release|ARM.Build.0 = Release|ARM
		{075CD963-0805-411E-88B7-8C4E8A6CEAC9}.Release|ARM.Deploy.0 = Release|ARM
		{075CD963-0805-411E-88B7-8C4E8A6CEAC9}.Release|ARM64.ActiveCfg = Release|x86
		{075CD963-0805-411E-88B7-8C4E8A6CEAC9}.Release|iPhone.ActiveCfg = Release|x86
		{075CD963-0805-411E-88B7-8C4E8A6CEAC9}.Release|iPhoneSimulator.ActiveCfg = Release|x86
		{075CD963-0805-411E-88B7-8C4E8A6CEAC9}.Release|x64.ActiveCfg = Release|x64
		{075CD963-0805-411E-88B7-8C4E8A6CEAC9}.Release|x64.Build.0 = Release|x64
		{075CD963-0805-411E-88B7-8C4E8A6CEAC9}.Release|x64.Deploy.0 = Release|x64
		{075CD963-0805-411E-88B7-8C4E8A6CEAC9}.Release|x86.ActiveCfg = Release|x86
		{075CD963-0805-411E-88B7-8C4E8A6CEAC9}.Release|x86.Build.0 = Release|x86
		{075CD963-0805-411E-88B7-8C4E8A6CEAC9}.Release|x86.Deploy.0 = Release|x86
		{A01C9358-43D0-43C9-B953-22F2CDC4BA4C}.Ad-Hoc|Any CPU.ActiveCfg = Debug|Any CPU
		{A01C9358-43D0-43C9-B953-22F2CDC4BA4C}.Ad-Hoc|Any CPU.Build.0 = Debug|Any CPU
		{A01C9358-43D0-43C9-B953-22F2CDC4BA4C}.Ad-Hoc|ARM.ActiveCfg = Debug|Any CPU
		{A01C9358-43D0-43C9-B953-22F2CDC4BA4C}.Ad-Hoc|ARM.Build.0 = Debug|Any CPU
		{A01C9358-43D0-43C9-B953-22F2CDC4BA4C}.Ad-Hoc|ARM64.ActiveCfg = Debug|Any CPU
		{A01C9358-43D0-43C9-B953-22F2CDC4BA4C}.Ad-Hoc|ARM64.Build.0 = Debug|Any CPU
		{A01C9358-43D0-43C9-B953-22F2CDC4BA4C}.Ad-Hoc|iPhone.ActiveCfg = Debug|Any CPU
		{A01C9358-43D0-43C9-B953-22F2CDC4BA4C}.Ad-Hoc|iPhone.Build.0 = Debug|Any CPU
		{A01C9358-43D0-43C9-B953-22F2CDC4BA4C}.Ad-Hoc|iPhoneSimulator.ActiveCfg = Debug|Any CPU
		{A01C9358-43D0-43C9-B953-22F2CDC4BA4C}.Ad-Hoc|iPhoneSimulator.Build.0 = Debug|Any CPU
		{A01C9358-43D0-43C9-B953-22F2CDC4BA4C}.Ad-Hoc|x64.ActiveCfg = Debug|Any CPU
		{A01C9358-43D0-43C9-B953-22F2CDC4BA4C}.Ad-Hoc|x64.Build.0 = Debug|Any CPU
		{A01C9358-43D0-43C9-B953-22F2CDC4BA4C}.Ad-Hoc|x86.ActiveCfg = Debug|Any CPU
		{A01C9358-43D0-43C9-B953-22F2CDC4BA4C}.Ad-Hoc|x86.Build.0 = Debug|Any CPU
		{A01C9358-43D0-43C9-B953-22F2CDC4BA4C}.AppStore|Any CPU.ActiveCfg = Debug|Any CPU
		{A01C9358-43D0-43C9-B953-22F2CDC4BA4C}.AppStore|Any CPU.Build.0 = Debug|Any CPU
		{A01C9358-43D0-43C9-B953-22F2CDC4BA4C}.AppStore|ARM.ActiveCfg = Debug|Any CPU
		{A01C9358-43D0-43C9-B953-22F2CDC4BA4C}.AppStore|ARM.Build.0 = Debug|Any CPU
		{A01C9358-43D0-43C9-B953-22F2CDC4BA4C}.AppStore|ARM64.ActiveCfg = Debug|Any CPU
		{A01C9358-43D0-43C9-B953-22F2CDC4BA4C}.AppStore|ARM64.Build.0 = Debug|Any CPU
		{A01C9358-43D0-43C9-B953-22F2CDC4BA4C}.AppStore|iPhone.ActiveCfg = Debug|Any CPU
		{A01C9358-43D0-43C9-B953-22F2CDC4BA4C}.AppStore|iPhone.Build.0 = Debug|Any CPU
		{A01C9358-43D0-43C9-B953-22F2CDC4BA4C}.AppStore|iPhoneSimulator.ActiveCfg = Debug|Any CPU
		{A01C9358-43D0-43C9-B953-22F2CDC4BA4C}.AppStore|iPhoneSimulator.Build.0 = Debug|Any CPU
		{A01C9358-43D0-43C9-B953-22F2CDC4BA4C}.AppStore|x64.ActiveCfg = Debug|Any CPU
		{A01C9358-43D0-43C9-B953-22F2CDC4BA4C}.AppStore|x64.Build.0 = Debug|Any CPU
		{A01C9358-43D0-43C9-B953-22F2CDC4BA4C}.AppStore|x86.ActiveCfg = Debug|Any CPU
		{A01C9358-43D0-43C9-B953-22F2CDC4BA4C}.AppStore|x86.Build.0 = Debug|Any CPU
		{A01C9358-43D0-43C9-B953-22F2CDC4BA4C}.Debug|Any CPU.ActiveCfg = Debug|Any CPU
		{A01C9358-43D0-43C9-B953-22F2CDC4BA4C}.Debug|Any CPU.Build.0 = Debug|Any CPU
		{A01C9358-43D0-43C9-B953-22F2CDC4BA4C}.Debug|ARM.ActiveCfg = Debug|Any CPU
		{A01C9358-43D0-43C9-B953-22F2CDC4BA4C}.Debug|ARM.Build.0 = Debug|Any CPU
		{A01C9358-43D0-43C9-B953-22F2CDC4BA4C}.Debug|ARM64.ActiveCfg = Debug|Any CPU
		{A01C9358-43D0-43C9-B953-22F2CDC4BA4C}.Debug|ARM64.Build.0 = Debug|Any CPU
		{A01C9358-43D0-43C9-B953-22F2CDC4BA4C}.Debug|iPhone.ActiveCfg = Debug|Any CPU
		{A01C9358-43D0-43C9-B953-22F2CDC4BA4C}.Debug|iPhone.Build.0 = Debug|Any CPU
		{A01C9358-43D0-43C9-B953-22F2CDC4BA4C}.Debug|iPhoneSimulator.ActiveCfg = Debug|Any CPU
		{A01C9358-43D0-43C9-B953-22F2CDC4BA4C}.Debug|iPhoneSimulator.Build.0 = Debug|Any CPU
		{A01C9358-43D0-43C9-B953-22F2CDC4BA4C}.Debug|x64.ActiveCfg = Debug|Any CPU
		{A01C9358-43D0-43C9-B953-22F2CDC4BA4C}.Debug|x64.Build.0 = Debug|Any CPU
		{A01C9358-43D0-43C9-B953-22F2CDC4BA4C}.Debug|x86.ActiveCfg = Debug|Any CPU
		{A01C9358-43D0-43C9-B953-22F2CDC4BA4C}.Debug|x86.Build.0 = Debug|Any CPU
		{A01C9358-43D0-43C9-B953-22F2CDC4BA4C}.Release|Any CPU.ActiveCfg = Release|Any CPU
		{A01C9358-43D0-43C9-B953-22F2CDC4BA4C}.Release|Any CPU.Build.0 = Release|Any CPU
		{A01C9358-43D0-43C9-B953-22F2CDC4BA4C}.Release|ARM.ActiveCfg = Release|Any CPU
		{A01C9358-43D0-43C9-B953-22F2CDC4BA4C}.Release|ARM.Build.0 = Release|Any CPU
		{A01C9358-43D0-43C9-B953-22F2CDC4BA4C}.Release|ARM64.ActiveCfg = Release|Any CPU
		{A01C9358-43D0-43C9-B953-22F2CDC4BA4C}.Release|ARM64.Build.0 = Release|Any CPU
		{A01C9358-43D0-43C9-B953-22F2CDC4BA4C}.Release|iPhone.ActiveCfg = Release|Any CPU
		{A01C9358-43D0-43C9-B953-22F2CDC4BA4C}.Release|iPhone.Build.0 = Release|Any CPU
		{A01C9358-43D0-43C9-B953-22F2CDC4BA4C}.Release|iPhoneSimulator.ActiveCfg = Release|Any CPU
		{A01C9358-43D0-43C9-B953-22F2CDC4BA4C}.Release|iPhoneSimulator.Build.0 = Release|Any CPU
		{A01C9358-43D0-43C9-B953-22F2CDC4BA4C}.Release|x64.ActiveCfg = Release|Any CPU
		{A01C9358-43D0-43C9-B953-22F2CDC4BA4C}.Release|x64.Build.0 = Release|Any CPU
		{A01C9358-43D0-43C9-B953-22F2CDC4BA4C}.Release|x86.ActiveCfg = Release|Any CPU
		{A01C9358-43D0-43C9-B953-22F2CDC4BA4C}.Release|x86.Build.0 = Release|Any CPU
	EndGlobalSection
	GlobalSection(SolutionProperties) = preSolution
		HideSolutionNode = FALSE
	EndGlobalSection
	GlobalSection(ExtensibilityGlobals) = postSolution
		SolutionGuid = {4B11754E-4CFB-47B9-ADDC-68F82C21F4D4}
	EndGlobalSection
EndGlobal
